// !$*UTF8*$!
{
	archiveVersion = 1;
	classes = {
	};
	objectVersion = 46;
	objects = {

/* Begin PBXBuildFile section */
		3FE422A41C4FF5AA0075B49A /* AppDelegate.swift in Sources */ = {isa = PBXBuildFile; fileRef = 3FE422A31C4FF5AA0075B49A /* AppDelegate.swift */; };
		3FE422A61C4FF5AA0075B49A /* ViewController.swift in Sources */ = {isa = PBXBuildFile; fileRef = 3FE422A51C4FF5AA0075B49A /* ViewController.swift */; };
		3FE422A91C4FF5AA0075B49A /* Main.storyboard in Resources */ = {isa = PBXBuildFile; fileRef = 3FE422A71C4FF5AA0075B49A /* Main.storyboard */; };
		3FE422AB1C4FF5AA0075B49A /* Assets.xcassets in Resources */ = {isa = PBXBuildFile; fileRef = 3FE422AA1C4FF5AA0075B49A /* Assets.xcassets */; };
		3FE422AE1C4FF5AA0075B49A /* LaunchScreen.storyboard in Resources */ = {isa = PBXBuildFile; fileRef = 3FE422AC1C4FF5AA0075B49A /* LaunchScreen.storyboard */; };
		3FE422B91C4FF5AA0075B49A /* CollegeProfileBuilder_1Tests.swift in Sources */ = {isa = PBXBuildFile; fileRef = 3FE422B81C4FF5AA0075B49A /* CollegeProfileBuilder_1Tests.swift */; };
		3FE422C41C4FF5AA0075B49A /* CollegeProfileBuilder_1UITests.swift in Sources */ = {isa = PBXBuildFile; fileRef = 3FE422C31C4FF5AA0075B49A /* CollegeProfileBuilder_1UITests.swift */; };
		3FE422D21C5692EA0075B49A /* City.swift in Sources */ = {isa = PBXBuildFile; fileRef = 3FE422D11C5692EA0075B49A /* City.swift */; };
		3FE422D41C57DDFA0075B49A /* DetailViewController.swift in Sources */ = {isa = PBXBuildFile; fileRef = 3FE422D31C57DDFA0075B49A /* DetailViewController.swift */; };
/* End PBXBuildFile section */

/* Begin PBXContainerItemProxy section */
		3FE422B51C4FF5AA0075B49A /* PBXContainerItemProxy */ = {
			isa = PBXContainerItemProxy;
			containerPortal = 3FE422981C4FF5AA0075B49A /* Project object */;
			proxyType = 1;
			remoteGlobalIDString = 3FE4229F1C4FF5AA0075B49A;
			remoteInfo = "CollegeProfileBuilder#1";
		};
		3FE422C01C4FF5AA0075B49A /* PBXContainerItemProxy */ = {
			isa = PBXContainerItemProxy;
			containerPortal = 3FE422981C4FF5AA0075B49A /* Project object */;
			proxyType = 1;
			remoteGlobalIDString = 3FE4229F1C4FF5AA0075B49A;
			remoteInfo = "CollegeProfileBuilder#1";
		};
/* End PBXContainerItemProxy section */

/* Begin PBXFileReference section */
		3FE422A01C4FF5AA0075B49A /* CollegeProfileBuilder#1.app */ = {isa = PBXFileReference; explicitFileType = wrapper.application; includeInIndex = 0; path = "CollegeProfileBuilder#1.app"; sourceTree = BUILT_PRODUCTS_DIR; };
		3FE422A31C4FF5AA0075B49A /* AppDelegate.swift */ = {isa = PBXFileReference; lastKnownFileType = sourcecode.swift; path = AppDelegate.swift; sourceTree = "<group>"; };
		3FE422A51C4FF5AA0075B49A /* ViewController.swift */ = {isa = PBXFileReference; lastKnownFileType = sourcecode.swift; path = ViewController.swift; sourceTree = "<group>"; };
		3FE422A81C4FF5AA0075B49A /* Base */ = {isa = PBXFileReference; lastKnownFileType = file.storyboard; name = Base; path = Base.lproj/Main.storyboard; sourceTree = "<group>"; };
		3FE422AA1C4FF5AA0075B49A /* Assets.xcassets */ = {isa = PBXFileReference; lastKnownFileType = folder.assetcatalog; path = Assets.xcassets; sourceTree = "<group>"; };
		3FE422AD1C4FF5AA0075B49A /* Base */ = {isa = PBXFileReference; lastKnownFileType = file.storyboard; name = Base; path = Base.lproj/LaunchScreen.storyboard; sourceTree = "<group>"; };
		3FE422AF1C4FF5AA0075B49A /* Info.plist */ = {isa = PBXFileReference; lastKnownFileType = text.plist.xml; path = Info.plist; sourceTree = "<group>"; };
		3FE422B41C4FF5AA0075B49A /* CollegeProfileBuilder#1Tests.xctest */ = {isa = PBXFileReference; explicitFileType = wrapper.cfbundle; includeInIndex = 0; path = "CollegeProfileBuilder#1Tests.xctest"; sourceTree = BUILT_PRODUCTS_DIR; };
		3FE422B81C4FF5AA0075B49A /* CollegeProfileBuilder_1Tests.swift */ = {isa = PBXFileReference; lastKnownFileType = sourcecode.swift; path = CollegeProfileBuilder_1Tests.swift; sourceTree = "<group>"; };
		3FE422BA1C4FF5AA0075B49A /* Info.plist */ = {isa = PBXFileReference; lastKnownFileType = text.plist.xml; path = Info.plist; sourceTree = "<group>"; };
		3FE422BF1C4FF5AA0075B49A /* CollegeProfileBuilder#1UITests.xctest */ = {isa = PBXFileReference; explicitFileType = wrapper.cfbundle; includeInIndex = 0; path = "CollegeProfileBuilder#1UITests.xctest"; sourceTree = BUILT_PRODUCTS_DIR; };
		3FE422C31C4FF5AA0075B49A /* CollegeProfileBuilder_1UITests.swift */ = {isa = PBXFileReference; lastKnownFileType = sourcecode.swift; path = CollegeProfileBuilder_1UITests.swift; sourceTree = "<group>"; };
		3FE422C51C4FF5AA0075B49A /* Info.plist */ = {isa = PBXFileReference; lastKnownFileType = text.plist.xml; path = Info.plist; sourceTree = "<group>"; };
		3FE422D11C5692EA0075B49A /* City.swift */ = {isa = PBXFileReference; fileEncoding = 4; lastKnownFileType = sourcecode.swift; path = City.swift; sourceTree = "<group>"; };
		3FE422D31C57DDFA0075B49A /* DetailViewController.swift */ = {isa = PBXFileReference; fileEncoding = 4; lastKnownFileType = sourcecode.swift; path = DetailViewController.swift; sourceTree = "<group>"; };
/* End PBXFileReference section */

/* Begin PBXFrameworksBuildPhase section */
		3FE4229D1C4FF5AA0075B49A /* Frameworks */ = {
			isa = PBXFrameworksBuildPhase;
			buildActionMask = 2147483647;
			files = (
			);
			runOnlyForDeploymentPostprocessing = 0;
		};
		3FE422B11C4FF5AA0075B49A /* Frameworks */ = {
			isa = PBXFrameworksBuildPhase;
			buildActionMask = 2147483647;
			files = (
			);
			runOnlyForDeploymentPostprocessing = 0;
		};
		3FE422BC1C4FF5AA0075B49A /* Frameworks */ = {
			isa = PBXFrameworksBuildPhase;
			buildActionMask = 2147483647;
			files = (
			);
			runOnlyForDeploymentPostprocessing = 0;
		};
/* End PBXFrameworksBuildPhase section */

/* Begin PBXGroup section */
		3FE422971C4FF5AA0075B49A = {
			isa = PBXGroup;
			children = (
				3FE422A21C4FF5AA0075B49A /* CollegeProfileBuilder#1 */,
				3FE422B71C4FF5AA0075B49A /* CollegeProfileBuilder#1Tests */,
				3FE422C21C4FF5AA0075B49A /* CollegeProfileBuilder#1UITests */,
				3FE422A11C4FF5AA0075B49A /* Products */,
			);
			sourceTree = "<group>";
		};
		3FE422A11C4FF5AA0075B49A /* Products */ = {
			isa = PBXGroup;
			children = (
				3FE422A01C4FF5AA0075B49A /* CollegeProfileBuilder#1.app */,
				3FE422B41C4FF5AA0075B49A /* CollegeProfileBuilder#1Tests.xctest */,
				3FE422BF1C4FF5AA0075B49A /* CollegeProfileBuilder#1UITests.xctest */,
			);
			name = Products;
			sourceTree = "<group>";
		};
		3FE422A21C4FF5AA0075B49A /* CollegeProfileBuilder#1 */ = {
			isa = PBXGroup;
			children = (
				3FE422A31C4FF5AA0075B49A /* AppDelegate.swift */,
				3FE422A51C4FF5AA0075B49A /* ViewController.swift */,
				3FE422A71C4FF5AA0075B49A /* Main.storyboard */,
				3FE422D11C5692EA0075B49A /* City.swift */,
				3FE422D31C57DDFA0075B49A /* DetailViewController.swift */,
				3FE422AA1C4FF5AA0075B49A /* Assets.xcassets */,
				3FE422AC1C4FF5AA0075B49A /* LaunchScreen.storyboard */,
				3FE422AF1C4FF5AA0075B49A /* Info.plist */,
			);
			path = "CollegeProfileBuilder#1";
			sourceTree = "<group>";
		};
		3FE422B71C4FF5AA0075B49A /* CollegeProfileBuilder#1Tests */ = {
			isa = PBXGroup;
			children = (
				3FE422B81C4FF5AA0075B49A /* CollegeProfileBuilder_1Tests.swift */,
				3FE422BA1C4FF5AA0075B49A /* Info.plist */,
			);
			path = "CollegeProfileBuilder#1Tests";
			sourceTree = "<group>";
		};
		3FE422C21C4FF5AA0075B49A /* CollegeProfileBuilder#1UITests */ = {
			isa = PBXGroup;
			children = (
				3FE422C31C4FF5AA0075B49A /* CollegeProfileBuilder_1UITests.swift */,
				3FE422C51C4FF5AA0075B49A /* Info.plist */,
			);
			path = "CollegeProfileBuilder#1UITests";
			sourceTree = "<group>";
		};
/* End PBXGroup section */

/* Begin PBXNativeTarget section */
		3FE4229F1C4FF5AA0075B49A /* CollegeProfileBuilder#1 */ = {
			isa = PBXNativeTarget;
			buildConfigurationList = 3FE422C81C4FF5AA0075B49A /* Build configuration list for PBXNativeTarget "CollegeProfileBuilder#1" */;
			buildPhases = (
				3FE4229C1C4FF5AA0075B49A /* Sources */,
				3FE4229D1C4FF5AA0075B49A /* Frameworks */,
				3FE4229E1C4FF5AA0075B49A /* Resources */,
			);
			buildRules = (
			);
			dependencies = (
			);
			name = "CollegeProfileBuilder#1";
			productName = "CollegeProfileBuilder#1";
			productReference = 3FE422A01C4FF5AA0075B49A /* CollegeProfileBuilder#1.app */;
			productType = "com.apple.product-type.application";
		};
		3FE422B31C4FF5AA0075B49A /* CollegeProfileBuilder#1Tests */ = {
			isa = PBXNativeTarget;
			buildConfigurationList = 3FE422CB1C4FF5AA0075B49A /* Build configuration list for PBXNativeTarget "CollegeProfileBuilder#1Tests" */;
			buildPhases = (
				3FE422B01C4FF5AA0075B49A /* Sources */,
				3FE422B11C4FF5AA0075B49A /* Frameworks */,
				3FE422B21C4FF5AA0075B49A /* Resources */,
			);
			buildRules = (
			);
			dependencies = (
				3FE422B61C4FF5AA0075B49A /* PBXTargetDependency */,
			);
			name = "CollegeProfileBuilder#1Tests";
			productName = "CollegeProfileBuilder#1Tests";
			productReference = 3FE422B41C4FF5AA0075B49A /* CollegeProfileBuilder#1Tests.xctest */;
			productType = "com.apple.product-type.bundle.unit-test";
		};
		3FE422BE1C4FF5AA0075B49A /* CollegeProfileBuilder#1UITests */ = {
			isa = PBXNativeTarget;
			buildConfigurationList = 3FE422CE1C4FF5AA0075B49A /* Build configuration list for PBXNativeTarget "CollegeProfileBuilder#1UITests" */;
			buildPhases = (
				3FE422BB1C4FF5AA0075B49A /* Sources */,
				3FE422BC1C4FF5AA0075B49A /* Frameworks */,
				3FE422BD1C4FF5AA0075B49A /* Resources */,
			);
			buildRules = (
			);
			dependencies = (
				3FE422C11C4FF5AA0075B49A /* PBXTargetDependency */,
			);
			name = "CollegeProfileBuilder#1UITests";
			productName = "CollegeProfileBuilder#1UITests";
			productReference = 3FE422BF1C4FF5AA0075B49A /* CollegeProfileBuilder#1UITests.xctest */;
			productType = "com.apple.product-type.bundle.ui-testing";
		};
/* End PBXNativeTarget section */

/* Begin PBXProject section */
		3FE422981C4FF5AA0075B49A /* Project object */ = {
			isa = PBXProject;
			attributes = {
				LastSwiftUpdateCheck = 0720;
				LastUpgradeCheck = 0720;
				ORGANIZATIONNAME = ecarroll;
				TargetAttributes = {
					3FE4229F1C4FF5AA0075B49A = {
						CreatedOnToolsVersion = 7.2;
						DevelopmentTeam = TCAKDPCCN9;
					};
					3FE422B31C4FF5AA0075B49A = {
						CreatedOnToolsVersion = 7.2;
						DevelopmentTeam = TCAKDPCCN9;
						TestTargetID = 3FE4229F1C4FF5AA0075B49A;
					};
					3FE422BE1C4FF5AA0075B49A = {
						CreatedOnToolsVersion = 7.2;
						DevelopmentTeam = TCAKDPCCN9;
						TestTargetID = 3FE4229F1C4FF5AA0075B49A;
					};
				};
			};
			buildConfigurationList = 3FE4229B1C4FF5AA0075B49A /* Build configuration list for PBXProject "CollegeProfileBuilder#1" */;
			compatibilityVersion = "Xcode 3.2";
			developmentRegion = English;
			hasScannedForEncodings = 0;
			knownRegions = (
				en,
				Base,
			);
			mainGroup = 3FE422971C4FF5AA0075B49A;
			productRefGroup = 3FE422A11C4FF5AA0075B49A /* Products */;
			projectDirPath = "";
			projectRoot = "";
			targets = (
				3FE4229F1C4FF5AA0075B49A /* CollegeProfileBuilder#1 */,
				3FE422B31C4FF5AA0075B49A /* CollegeProfileBuilder#1Tests */,
				3FE422BE1C4FF5AA0075B49A /* CollegeProfileBuilder#1UITests */,
			);
		};
/* End PBXProject section */

/* Begin PBXResourcesBuildPhase section */
		3FE4229E1C4FF5AA0075B49A /* Resources */ = {
			isa = PBXResourcesBuildPhase;
			buildActionMask = 2147483647;
			files = (
				3FE422AE1C4FF5AA0075B49A /* LaunchScreen.storyboard in Resources */,
				3FE422AB1C4FF5AA0075B49A /* Assets.xcassets in Resources */,
				3FE422A91C4FF5AA0075B49A /* Main.storyboard in Resources */,
			);
			runOnlyForDeploymentPostprocessing = 0;
		};
		3FE422B21C4FF5AA0075B49A /* Resources */ = {
			isa = PBXResourcesBuildPhase;
			buildActionMask = 2147483647;
			files = (
			);
			runOnlyForDeploymentPostprocessing = 0;
		};
		3FE422BD1C4FF5AA0075B49A /* Resources */ = {
			isa = PBXResourcesBuildPhase;
			buildActionMask = 2147483647;
			files = (
			);
			runOnlyForDeploymentPostprocessing = 0;
		};
/* End PBXResourcesBuildPhase section */

/* Begin PBXSourcesBuildPhase section */
		3FE4229C1C4FF5AA0075B49A /* Sources */ = {
			isa = PBXSourcesBuildPhase;
			buildActionMask = 2147483647;
			files = (
				3FE422A61C4FF5AA0075B49A /* ViewController.swift in Sources */,
				3FE422A41C4FF5AA0075B49A /* AppDelegate.swift in Sources */,
				3FE422D21C5692EA0075B49A /* City.swift in Sources */,
				3FE422D41C57DDFA0075B49A /* DetailViewController.swift in Sources */,
			);
			runOnlyForDeploymentPostprocessing = 0;
		};
		3FE422B01C4FF5AA0075B49A /* Sources */ = {
			isa = PBXSourcesBuildPhase;
			buildActionMask = 2147483647;
			files = (
				3FE422B91C4FF5AA0075B49A /* CollegeProfileBuilder_1Tests.swift in Sources */,
			);
			runOnlyForDeploymentPostprocessing = 0;
		};
		3FE422BB1C4FF5AA0075B49A /* Sources */ = {
			isa = PBXSourcesBuildPhase;
			buildActionMask = 2147483647;
			files = (
				3FE422C41C4FF5AA0075B49A /* CollegeProfileBuilder_1UITests.swift in Sources */,
			);
			runOnlyForDeploymentPostprocessing = 0;
		};
/* End PBXSourcesBuildPhase section */

/* Begin PBXTargetDependency section */
		3FE422B61C4FF5AA0075B49A /* PBXTargetDependency */ = {
			isa = PBXTargetDependency;
			target = 3FE4229F1C4FF5AA0075B49A /* CollegeProfileBuilder#1 */;
			targetProxy = 3FE422B51C4FF5AA0075B49A /* PBXContainerItemProxy */;
		};
		3FE422C11C4FF5AA0075B49A /* PBXTargetDependency */ = {
			isa = PBXTargetDependency;
			target = 3FE4229F1C4FF5AA0075B49A /* CollegeProfileBuilder#1 */;
			targetProxy = 3FE422C01C4FF5AA0075B49A /* PBXContainerItemProxy */;
		};
/* End PBXTargetDependency section */

/* Begin PBXVariantGroup section */
		3FE422A71C4FF5AA0075B49A /* Main.storyboard */ = {
			isa = PBXVariantGroup;
			children = (
				3FE422A81C4FF5AA0075B49A /* Base */,
			);
			name = Main.storyboard;
			sourceTree = "<group>";
		};
		3FE422AC1C4FF5AA0075B49A /* LaunchScreen.storyboard */ = {
			isa = PBXVariantGroup;
			children = (
				3FE422AD1C4FF5AA0075B49A /* Base */,
			);
			name = LaunchScreen.storyboard;
			sourceTree = "<group>";
		};
/* End PBXVariantGroup section */

/* Begin XCBuildConfiguration section */
		3FE422C61C4FF5AA0075B49A /* Debug */ = {
			isa = XCBuildConfiguration;
			buildSettings = {
				ALWAYS_SEARCH_USER_PATHS = NO;
				CLANG_CXX_LANGUAGE_STANDARD = "gnu++0x";
				CLANG_CXX_LIBRARY = "libc++";
				CLANG_ENABLE_MODULES = YES;
				CLANG_ENABLE_OBJC_ARC = YES;
				CLANG_WARN_BOOL_CONVERSION = YES;
				CLANG_WARN_CONSTANT_CONVERSION = YES;
				CLANG_WARN_DIRECT_OBJC_ISA_USAGE = YES_ERROR;
				CLANG_WARN_EMPTY_BODY = YES;
				CLANG_WARN_ENUM_CONVERSION = YES;
				CLANG_WARN_INT_CONVERSION = YES;
				CLANG_WARN_OBJC_ROOT_CLASS = YES_ERROR;
				CLANG_WARN_UNREACHABLE_CODE = YES;
				CLANG_WARN__DUPLICATE_METHOD_MATCH = YES;
				"CODE_SIGN_IDENTITY[sdk=iphoneos*]" = "iPhone Developer";
				COPY_PHASE_STRIP = NO;
				DEBUG_INFORMATION_FORMAT = dwarf;
				ENABLE_STRICT_OBJC_MSGSEND = YES;
				ENABLE_TESTABILITY = YES;
				GCC_C_LANGUAGE_STANDARD = gnu99;
				GCC_DYNAMIC_NO_PIC = NO;
				GCC_NO_COMMON_BLOCKS = YES;
				GCC_OPTIMIZATION_LEVEL = 0;
				GCC_PREPROCESSOR_DEFINITIONS = (
					"DEBUG=1",
					"$(inherited)",
				);
				GCC_WARN_64_TO_32_BIT_CONVERSION = YES;
				GCC_WARN_ABOUT_RETURN_TYPE = YES_ERROR;
				GCC_WARN_UNDECLARED_SELECTOR = YES;
				GCC_WARN_UNINITIALIZED_AUTOS = YES_AGGRESSIVE;
				GCC_WARN_UNUSED_FUNCTION = YES;
				GCC_WARN_UNUSED_VARIABLE = YES;
				IPHONEOS_DEPLOYMENT_TARGET = 9.2;
				MTL_ENABLE_DEBUG_INFO = YES;
				ONLY_ACTIVE_ARCH = YES;
				SDKROOT = iphoneos;
				SWIFT_OPTIMIZATION_LEVEL = "-Onone";
				TARGETED_DEVICE_FAMILY = "1,2";
			};
			name = Debug;
		};
		3FE422C71C4FF5AA0075B49A /* Release */ = {
			isa = XCBuildConfiguration;
			buildSettings = {
				ALWAYS_SEARCH_USER_PATHS = NO;
				CLANG_CXX_LANGUAGE_STANDARD = "gnu++0x";
				CLANG_CXX_LIBRARY = "libc++";
				CLANG_ENABLE_MODULES = YES;
				CLANG_ENABLE_OBJC_ARC = YES;
				CLANG_WARN_BOOL_CONVERSION = YES;
				CLANG_WARN_CONSTANT_CONVERSION = YES;
				CLANG_WARN_DIRECT_OBJC_ISA_USAGE = YES_ERROR;
				CLANG_WARN_EMPTY_BODY = YES;
				CLANG_WARN_ENUM_CONVERSION = YES;
				CLANG_WARN_INT_CONVERSION = YES;
				CLANG_WARN_OBJC_ROOT_CLASS = YES_ERROR;
				CLANG_WARN_UNREACHABLE_CODE = YES;
				CLANG_WARN__DUPLICATE_METHOD_MATCH = YES;
				"CODE_SIGN_IDENTITY[sdk=iphoneos*]" = "iPhone Developer";
				COPY_PHASE_STRIP = NO;
				DEBUG_INFORMATION_FORMAT = "dwarf-with-dsym";
				ENABLE_NS_ASSERTIONS = NO;
				ENABLE_STRICT_OBJC_MSGSEND = YES;
				GCC_C_LANGUAGE_STANDARD = gnu99;
				GCC_NO_COMMON_BLOCKS = YES;
				GCC_WARN_64_TO_32_BIT_CONVERSION = YES;
				GCC_WARN_ABOUT_RETURN_TYPE = YES_ERROR;
				GCC_WARN_UNDECLARED_SELECTOR = YES;
				GCC_WARN_UNINITIALIZED_AUTOS = YES_AGGRESSIVE;
				GCC_WARN_UNUSED_FUNCTION = YES;
				GCC_WARN_UNUSED_VARIABLE = YES;
				IPHONEOS_DEPLOYMENT_TARGET = 9.2;
				MTL_ENABLE_DEBUG_INFO = NO;
				SDKROOT = iphoneos;
				TARGETED_DEVICE_FAMILY = "1,2";
				VALIDATE_PRODUCT = YES;
			};
			name = Release;
		};
		3FE422C91C4FF5AA0075B49A /* Debug */ = {
			isa = XCBuildConfiguration;
			buildSettings = {
				ASSETCATALOG_COMPILER_APPICON_NAME = AppIcon;
				INFOPLIST_FILE = "CollegeProfileBuilder#1/Info.plist";
				LD_RUNPATH_SEARCH_PATHS = "$(inherited) @executable_path/Frameworks";
				PRODUCT_BUNDLE_IDENTIFIER = "ecarroll.CollegeProfileBuilder-1";
				PRODUCT_NAME = "$(TARGET_NAME)";
			};
			name = Debug;
		};
		3FE422CA1C4FF5AA0075B49A /* Release */ = {
			isa = XCBuildConfiguration;
			buildSettings = {
				ASSETCATALOG_COMPILER_APPICON_NAME = AppIcon;
				INFOPLIST_FILE = "CollegeProfileBuilder#1/Info.plist";
				LD_RUNPATH_SEARCH_PATHS = "$(inherited) @executable_path/Frameworks";
				PRODUCT_BUNDLE_IDENTIFIER = "ecarroll.CollegeProfileBuilder-1";
				PRODUCT_NAME = "$(TARGET_NAME)";
			};
			name = Release;
		};
		3FE422CC1C4FF5AA0075B49A /* Debug */ = {
			isa = XCBuildConfiguration;
			buildSettings = {
				BUNDLE_LOADER = "$(TEST_HOST)";
				INFOPLIST_FILE = "CollegeProfileBuilder#1Tests/Info.plist";
				LD_RUNPATH_SEARCH_PATHS = "$(inherited) @executable_path/Frameworks @loader_path/Frameworks";
				PRODUCT_BUNDLE_IDENTIFIER = "ecarroll.CollegeProfileBuilder-1Tests";
				PRODUCT_NAME = "$(TARGET_NAME)";
				TEST_HOST = "$(BUILT_PRODUCTS_DIR)/CollegeProfileBuilder#1.app/CollegeProfileBuilder#1";
			};
			name = Debug;
		};
		3FE422CD1C4FF5AA0075B49A /* Release */ = {
			isa = XCBuildConfiguration;
			buildSettings = {
				BUNDLE_LOADER = "$(TEST_HOST)";
				INFOPLIST_FILE = "CollegeProfileBuilder#1Tests/Info.plist";
				LD_RUNPATH_SEARCH_PATHS = "$(inherited) @executable_path/Frameworks @loader_path/Frameworks";
				PRODUCT_BUNDLE_IDENTIFIER = "ecarroll.CollegeProfileBuilder-1Tests";
				PRODUCT_NAME = "$(TARGET_NAME)";
				TEST_HOST = "$(BUILT_PRODUCTS_DIR)/CollegeProfileBuilder#1.app/CollegeProfileBuilder#1";
			};
			name = Release;
		};
		3FE422CF1C4FF5AA0075B49A /* Debug */ = {
			isa = XCBuildConfiguration;
			buildSettings = {
				INFOPLIST_FILE = "CollegeProfileBuilder#1UITests/Info.plist";
				LD_RUNPATH_SEARCH_PATHS = "$(inherited) @executable_path/Frameworks @loader_path/Frameworks";
				PRODUCT_BUNDLE_IDENTIFIER = "ecarroll.CollegeProfileBuilder-1UITests";
				PRODUCT_NAME = "$(TARGET_NAME)";
				TEST_TARGET_NAME = "CollegeProfileBuilder#1";
				USES_XCTRUNNER = YES;
			};
			name = Debug;
		};
		3FE422D01C4FF5AA0075B49A /* Release */ = {
			isa = XCBuildConfiguration;
			buildSettings = {
				INFOPLIST_FILE = "CollegeProfileBuilder#1UITests/Info.plist";
				LD_RUNPATH_SEARCH_PATHS = "$(inherited) @executable_path/Frameworks @loader_path/Frameworks";
				PRODUCT_BUNDLE_IDENTIFIER = "ecarroll.CollegeProfileBuilder-1UITests";
				PRODUCT_NAME = "$(TARGET_NAME)";
				TEST_TARGET_NAME = "CollegeProfileBuilder#1";
				USES_XCTRUNNER = YES;
			};
			name = Release;
		};
/* End XCBuildConfiguration section */

/* Begin XCConfigurationList section */
		3FE4229B1C4FF5AA0075B49A /* Build configuration list for PBXProject "CollegeProfileBuilder#1" */ = {
			isa = XCConfigurationList;
			buildConfigurations = (
				3FE422C61C4FF5AA0075B49A /* Debug */,
				3FE422C71C4FF5AA0075B49A /* Release */,
			);
			defaultConfigurationIsVisible = 0;
			defaultConfigurationName = Release;
		};
		3FE422C81C4FF5AA0075B49A /* Build configuration list for PBXNativeTarget "CollegeProfileBuilder#1" */ = {
			isa = XCConfigurationList;
			buildConfigurations = (
				3FE422C91C4FF5AA0075B49A /* Debug */,
				3FE422CA1C4FF5AA0075B49A /* Release */,
			);
			defaultConfigurationIsVisible = 0;
		};
		3FE422CB1C4FF5AA0075B49A /* Build configuration list for PBXNativeTarget "CollegeProfileBuilder#1Tests" */ = {
			isa = XCConfigurationList;
			buildConfigurations = (
				3FE422CC1C4FF5AA0075B49A /* Debug */,
				3FE422CD1C4FF5AA0075B49A /* Release */,
			);
			defaultConfigurationIsVisible = 0;
		};
		3FE422CE1C4FF5AA0075B49A /* Build configuration list for PBXNativeTarget "CollegeProfileBuilder#1UITests" */ = {
			isa = XCConfigurationList;
			buildConfigurations = (
				3FE422CF1C4FF5AA0075B49A /* Debug */,
				3FE422D01C4FF5AA0075B49A /* Release */,
			);
			defaultConfigurationIsVisible = 0;
		};
/* End XCConfigurationList section */
	};
	rootObject = 3FE422981C4FF5AA0075B49A /* Project object */;
}
